
Microsoft Visual Studio Solution File, Format Version 12.00
# Visual Studio Version 17
VisualStudioVersion = 17.0.31903.59
MinimumVisualStudioVersion = 10.0.40219.1
Project("{2150E333-8FDC-42A3-9474-1A3956D46DE8}") = "src", "src", "{218093BD-365B-4129-AB1F-620F86DB1130}"
EndProject
Project("{F2A71F9B-5D33-465A-A702-920D77279786}") = "benchmark", "src\benchmark\benchmark.fsproj", "{37A16AEE-1FF2-4437-9B3D-B12C3B77C98F}"
EndProject
Global
	GlobalSection(SolutionConfigurationPlatforms) = preSolution
		Debug|Any CPU = Debug|Any CPU
		Release|Any CPU = Release|Any CPU
	EndGlobalSection
	GlobalSection(SolutionProperties) = preSolution
		HideSolutionNode = FALSE
	EndGlobalSection
	GlobalSection(ProjectConfigurationPlatforms) = postSolution
		{37A16AEE-1FF2-4437-9B3D-B12C3B77C98F}.Debug|Any CPU.ActiveCfg = Debug|Any CPU
		{37A16AEE-1FF2-4437-9B3D-B12C3B77C98F}.Debug|Any CPU.Build.0 = Debug|Any CPU
		{37A16AEE-1FF2-4437-9B3D-B12C3B77C98F}.Release|Any CPU.ActiveCfg = Release|Any CPU
		{37A16AEE-1FF2-4437-9B3D-B12C3B77C98F}.Release|Any CPU.Build.0 = Release|Any CPU
	EndGlobalSection
	GlobalSection(NestedProjects) = preSolution
		{37A16AEE-1FF2-4437-9B3D-B12C3B77C98F} = {218093BD-365B-4129-AB1F-620F86DB1130}
	EndGlobalSection
EndGlobal
